
Microsoft Visual Studio Solution File, Format Version 12.00
# Visual Studio 2013
VisualStudioVersion = 12.0.30723.0
MinimumVisualStudioVersion = 10.0.40219.1
Project("{FAE04EC0-301F-11D3-BF4B-00C04F79EFBC}") = "Util_Metric", "Util_Metric\Util_Metric.csproj", "{37CDAE00-DB4D-405A-9C7E-773E707BFE6B}"
EndProject
Global
	GlobalSection(SolutionConfigurationPlatforms) = preSolution
		Debug|Any CPU = Debug|Any CPU
		Release|Any CPU = Release|Any CPU
	EndGlobalSection
	GlobalSection(ProjectConfigurationPlatforms) = postSolution
		{37CDAE00-DB4D-405A-9C7E-773E707BFE6B}.Debug|Any CPU.ActiveCfg = Debug|Any CPU
		{37CDAE00-DB4D-405A-9C7E-773E707BFE6B}.Debug|Any CPU.Build.0 = Debug|Any CPU
		{37CDAE00-DB4D-405A-9C7E-773E707BFE6B}.Release|Any CPU.ActiveCfg = Release|Any CPU
		{37CDAE00-DB4D-405A-9C7E-773E707BFE6B}.Release|Any CPU.Build.0 = Release|Any CPU
	EndGlobalSection
	GlobalSection(SolutionProperties) = preSolution
		HideSolutionNode = FALSE
	EndGlobalSection
EndGlobal
