
Microsoft Visual Studio Solution File, Format Version 12.00
# Visual Studio 2013
VisualStudioVersion = 12.0.30723.0
MinimumVisualStudioVersion = 10.0.40219.1
Project("{FAE04EC0-301F-11D3-BF4B-00C04F79EFBC}") = "BracketSymbols", "BracketSymbols\BracketSymbols.csproj", "{10087480-3BF8-48F7-B7C7-BF0D0C28A074}"
EndProject
Global
	GlobalSection(SolutionConfigurationPlatforms) = preSolution
		Debug|Any CPU = Debug|Any CPU
		Release|Any CPU = Release|Any CPU
	EndGlobalSection
	GlobalSection(ProjectConfigurationPlatforms) = postSolution
		{10087480-3BF8-48F7-B7C7-BF0D0C28A074}.Debug|Any CPU.ActiveCfg = Debug|Any CPU
		{10087480-3BF8-48F7-B7C7-BF0D0C28A074}.Debug|Any CPU.Build.0 = Debug|Any CPU
		{10087480-3BF8-48F7-B7C7-BF0D0C28A074}.Release|Any CPU.ActiveCfg = Release|Any CPU
		{10087480-3BF8-48F7-B7C7-BF0D0C28A074}.Release|Any CPU.Build.0 = Release|Any CPU
	EndGlobalSection
	GlobalSection(SolutionProperties) = preSolution
		HideSolutionNode = FALSE
	EndGlobalSection
EndGlobal
