
Microsoft Visual Studio Solution File, Format Version 12.00
# Visual Studio 2013
VisualStudioVersion = 12.0.30723.0
MinimumVisualStudioVersion = 10.0.40219.1
Project("{8BC9CEB8-8B4A-11D0-8D11-00A0C91BC942}") = "StrMfgCheckMfctyPlate409", "StrMfgCheckMfctyPlate409.vcxproj", "{35544383-FF18-4EFF-9F61-047A0F605566}"
EndProject
Global
	GlobalSection(SolutionConfigurationPlatforms) = preSolution
		Resource|Win32 = Resource|Win32
	EndGlobalSection
	GlobalSection(ProjectConfigurationPlatforms) = postSolution
		{35544383-FF18-4EFF-9F61-047A0F605566}.Resource|Win32.ActiveCfg = Resource|Win32
		{35544383-FF18-4EFF-9F61-047A0F605566}.Resource|Win32.Build.0 = Resource|Win32
	EndGlobalSection
	GlobalSection(SolutionProperties) = preSolution
		HideSolutionNode = FALSE
	EndGlobalSection
EndGlobal
