
Microsoft Visual Studio Solution File, Format Version 12.00
# Visual Studio Version 17
VisualStudioVersion = 17.8.34330.188
MinimumVisualStudioVersion = 10.0.40219.1
Project("{FAE04EC0-301F-11D3-BF4B-00C04F79EFBC}") = "S3DEFAdapterCallbacks", "S3DEFAdapterCallbacks\S3DEFAdapterCallbacks.csproj", "{8F102C45-F6F3-4AEF-BA9C-5AAB7E57BD24}"
EndProject
Project("{FAE04EC0-301F-11D3-BF4B-00C04F79EFBC}") = "S3DEFAdapterCallbacks2", "S3DEFAdapterCallbacks2\S3DEFAdapterCallbacks2.csproj", "{789CF63A-5134-4606-A312-646E836593C3}"
EndProject
Global
	GlobalSection(SolutionConfigurationPlatforms) = preSolution
		Debug|Any CPU = Debug|Any CPU
		Release|Any CPU = Release|Any CPU
	EndGlobalSection
	GlobalSection(ProjectConfigurationPlatforms) = postSolution
		{8F102C45-F6F3-4AEF-BA9C-5AAB7E57BD24}.Debug|Any CPU.ActiveCfg = Debug|Any CPU
		{8F102C45-F6F3-4AEF-BA9C-5AAB7E57BD24}.Debug|Any CPU.Build.0 = Debug|Any CPU
		{8F102C45-F6F3-4AEF-BA9C-5AAB7E57BD24}.Release|Any CPU.ActiveCfg = Release|Any CPU
		{8F102C45-F6F3-4AEF-BA9C-5AAB7E57BD24}.Release|Any CPU.Build.0 = Release|Any CPU
		{789CF63A-5134-4606-A312-646E836593C3}.Debug|Any CPU.ActiveCfg = Debug|Any CPU
		{789CF63A-5134-4606-A312-646E836593C3}.Debug|Any CPU.Build.0 = Debug|Any CPU
		{789CF63A-5134-4606-A312-646E836593C3}.Release|Any CPU.ActiveCfg = Release|Any CPU
		{789CF63A-5134-4606-A312-646E836593C3}.Release|Any CPU.Build.0 = Release|Any CPU
	EndGlobalSection
	GlobalSection(SolutionProperties) = preSolution
		HideSolutionNode = FALSE
	EndGlobalSection
EndGlobal
