
Microsoft Visual Studio Solution File, Format Version 12.00
# Visual Studio 2013
VisualStudioVersion = 12.0.30723.0
MinimumVisualStudioVersion = 10.0.40219.1
Project("{8BC9CEB8-8B4A-11D0-8D11-00A0C91BC942}") = "409", "409.vcxproj", "{F962DF36-6BC5-4592-A2A4-EB950A3939A7}"
EndProject
Global
	GlobalSection(SolutionConfigurationPlatforms) = preSolution
		Resource|Win32 = Resource|Win32
	EndGlobalSection
	GlobalSection(ProjectConfigurationPlatforms) = postSolution
		{F962DF36-6BC5-4592-A2A4-EB950A3939A7}.Resource|Win32.ActiveCfg = Resource|Win32
		{F962DF36-6BC5-4592-A2A4-EB950A3939A7}.Resource|Win32.Build.0 = Resource|Win32
	EndGlobalSection
	GlobalSection(SolutionProperties) = preSolution
		HideSolutionNode = FALSE
	EndGlobalSection
EndGlobal
