
Microsoft Visual Studio Solution File, Format Version 12.00
# Visual Studio 2013
VisualStudioVersion = 12.0.30723.0
MinimumVisualStudioVersion = 10.0.40219.1
Project("{F184B08F-C81C-45F6-A57F-5ABD9991F28F}") = "HSUtility_Sample", "HSUtility_Sample.vbproj", "{D140DE8F-7223-43E9-96FB-DF88925E9C6E}"
EndProject
Global
	GlobalSection(SolutionConfigurationPlatforms) = preSolution
		Debug|Any CPU = Debug|Any CPU
		Release|Any CPU = Release|Any CPU
	EndGlobalSection
	GlobalSection(ProjectConfigurationPlatforms) = postSolution
		{D140DE8F-7223-43E9-96FB-DF88925E9C6E}.Debug|Any CPU.ActiveCfg = Release|Any CPU
		{D140DE8F-7223-43E9-96FB-DF88925E9C6E}.Debug|Any CPU.Build.0 = Release|Any CPU
		{D140DE8F-7223-43E9-96FB-DF88925E9C6E}.Release|Any CPU.ActiveCfg = Release|Any CPU
		{D140DE8F-7223-43E9-96FB-DF88925E9C6E}.Release|Any CPU.Build.0 = Release|Any CPU
	EndGlobalSection
	GlobalSection(SolutionProperties) = preSolution
		HideSolutionNode = FALSE
	EndGlobalSection
EndGlobal
