
Microsoft Visual Studio Solution File, Format Version 12.00
# Visual Studio 2013
VisualStudioVersion = 12.0.30723.0
MinimumVisualStudioVersion = 10.0.40219.1
Project("{F184B08F-C81C-45F6-A57F-5ABD9991F28F}") = "SectionLibraryCalculator", "SectionLibraryCalculator.vbproj", "{07DB4E72-D0E0-4B4F-AD3E-351C6B73CD43}"
EndProject
Global
	GlobalSection(SolutionConfigurationPlatforms) = preSolution
		Release|Any CPU = Release|Any CPU
	EndGlobalSection
	GlobalSection(ProjectConfigurationPlatforms) = postSolution
		{07DB4E72-D0E0-4B4F-AD3E-351C6B73CD43}.Release|Any CPU.ActiveCfg = Release|Any CPU
		{07DB4E72-D0E0-4B4F-AD3E-351C6B73CD43}.Release|Any CPU.Build.0 = Release|Any CPU
	EndGlobalSection
	GlobalSection(SolutionProperties) = preSolution
		HideSolutionNode = FALSE
	EndGlobalSection
EndGlobal
