
Microsoft Visual Studio Solution File, Format Version 12.00
# Visual Studio 2013
VisualStudioVersion = 12.0.30723.0
MinimumVisualStudioVersion = 10.0.40219.1
Project("{FAE04EC0-301F-11D3-BF4B-00C04F79EFBC}") = "StrMfgProfileStockQI", "StrMfgProfileStockQI.csproj", "{873BE254-D23B-46FE-9DCD-2B33BD5F84F2}"
EndProject
Global
	GlobalSection(SolutionConfigurationPlatforms) = preSolution
		Debug|Any CPU = Debug|Any CPU
		Release|Any CPU = Release|Any CPU
	EndGlobalSection
	GlobalSection(ProjectConfigurationPlatforms) = postSolution
		{873BE254-D23B-46FE-9DCD-2B33BD5F84F2}.Debug|Any CPU.ActiveCfg = Debug|Any CPU
		{873BE254-D23B-46FE-9DCD-2B33BD5F84F2}.Debug|Any CPU.Build.0 = Debug|Any CPU
		{873BE254-D23B-46FE-9DCD-2B33BD5F84F2}.Release|Any CPU.ActiveCfg = Release|Any CPU
		{873BE254-D23B-46FE-9DCD-2B33BD5F84F2}.Release|Any CPU.Build.0 = Release|Any CPU
	EndGlobalSection
	GlobalSection(SolutionProperties) = preSolution
		HideSolutionNode = FALSE
	EndGlobalSection
EndGlobal
