
Microsoft Visual Studio Solution File, Format Version 12.00
# Visual Studio 2013
VisualStudioVersion = 12.0.30501.0
MinimumVisualStudioVersion = 10.0.40219.1
Project("{FAE04EC0-301F-11D3-BF4B-00C04F79EFBC}") = "GridsNamingRulesNetCS", "GridsNamingRulesNetCS\GridsNamingRulesNetCS.csproj", "{0DE788AC-1B2D-475D-85C4-9B83A35B103A}"
EndProject
Project("{54435603-DBB4-11D2-8724-00A0C9A8B90C}") = "GridsNamingRulesNetCSCAB", "GridsNamingRulesNetCSCAB\GridsNamingRulesNetCSCAB.vdproj", "{43C97F16-E58C-4B02-A59D-BF2EB584A685}"
EndProject
Global
	GlobalSection(SolutionConfigurationPlatforms) = preSolution
		Debug|Any CPU = Debug|Any CPU
		Release|Any CPU = Release|Any CPU
	EndGlobalSection
	GlobalSection(ProjectConfigurationPlatforms) = postSolution
		{0DE788AC-1B2D-475D-85C4-9B83A35B103A}.Debug|Any CPU.ActiveCfg = Debug|Any CPU
		{0DE788AC-1B2D-475D-85C4-9B83A35B103A}.Debug|Any CPU.Build.0 = Debug|Any CPU
		{0DE788AC-1B2D-475D-85C4-9B83A35B103A}.Release|Any CPU.ActiveCfg = Release|Any CPU
		{0DE788AC-1B2D-475D-85C4-9B83A35B103A}.Release|Any CPU.Build.0 = Release|Any CPU
		{43C97F16-E58C-4B02-A59D-BF2EB584A685}.Debug|Any CPU.ActiveCfg = Debug
		{43C97F16-E58C-4B02-A59D-BF2EB584A685}.Debug|Any CPU.Build.0 = Debug
		{43C97F16-E58C-4B02-A59D-BF2EB584A685}.Release|Any CPU.ActiveCfg = Release
		{43C97F16-E58C-4B02-A59D-BF2EB584A685}.Release|Any CPU.Build.0 = Release
	EndGlobalSection
	GlobalSection(SolutionProperties) = preSolution
		HideSolutionNode = FALSE
	EndGlobalSection
EndGlobal
